// !$*UTF8*$!
{
	archiveVersion = 1;
	classes = {
	};
	objectVersion = 56;
	objects = {

/* Begin PBXBuildFile section */
		4B1AA4C72C13D07B00AA4867 /* fetchcodingchallengeApp.swift in Sources */ = {isa = PBXBuildFile; fileRef = 4B1AA4C62C13D07B00AA4867 /* fetchcodingchallengeApp.swift */; };
		4B1AA4CB2C13D07C00AA4867 /* Assets.xcassets in Resources */ = {isa = PBXBuildFile; fileRef = 4B1AA4CA2C13D07C00AA4867 /* Assets.xcassets */; };
		4B1AA4CE2C13D07C00AA4867 /* Preview Assets.xcassets in Resources */ = {isa = PBXBuildFile; fileRef = 4B1AA4CD2C13D07C00AA4867 /* Preview Assets.xcassets */; };
		4B1AA4D52C13D20100AA4867 /* APICalls.swift in Sources */ = {isa = PBXBuildFile; fileRef = 4B1AA4D42C13D20100AA4867 /* APICalls.swift */; };
		4B1AA4D82C13D42900AA4867 /* Meal.swift in Sources */ = {isa = PBXBuildFile; fileRef = 4B1AA4D72C13D42900AA4867 /* Meal.swift */; };
		4B1AA4DB2C13D4E200AA4867 /* MealViewModel.swift in Sources */ = {isa = PBXBuildFile; fileRef = 4B1AA4DA2C13D4E200AA4867 /* MealViewModel.swift */; };
		4B1AA4E82C177F9F00AA4867 /* MealDetailView.swift in Sources */ = {isa = PBXBuildFile; fileRef = 4B1AA4E72C177F9F00AA4867 /* MealDetailView.swift */; };
		4BAA174C2C18AFE8008658EA /* MealDetails.swift in Sources */ = {isa = PBXBuildFile; fileRef = 4BAA174B2C18AFE8008658EA /* MealDetails.swift */; };
		4BAA174E2C18B236008658EA /* MealDetailsViewModel.swift in Sources */ = {isa = PBXBuildFile; fileRef = 4BAA174D2C18B236008658EA /* MealDetailsViewModel.swift */; };
		4BAA17502C18D6AC008658EA /* MealsHomeView.swift in Sources */ = {isa = PBXBuildFile; fileRef = 4BAA174F2C18D6AC008658EA /* MealsHomeView.swift */; };
/* End PBXBuildFile section */

/* Begin PBXFileReference section */
		4B1AA4C32C13D07B00AA4867 /* fetchcodingchallenge.app */ = {isa = PBXFileReference; explicitFileType = wrapper.application; includeInIndex = 0; path = fetchcodingchallenge.app; sourceTree = BUILT_PRODUCTS_DIR; };
		4B1AA4C62C13D07B00AA4867 /* fetchcodingchallengeApp.swift */ = {isa = PBXFileReference; lastKnownFileType = sourcecode.swift; path = fetchcodingchallengeApp.swift; sourceTree = "<group>"; };
		4B1AA4CA2C13D07C00AA4867 /* Assets.xcassets */ = {isa = PBXFileReference; lastKnownFileType = folder.assetcatalog; path = Assets.xcassets; sourceTree = "<group>"; };
		4B1AA4CD2C13D07C00AA4867 /* Preview Assets.xcassets */ = {isa = PBXFileReference; lastKnownFileType = folder.assetcatalog; path = "Preview Assets.xcassets"; sourceTree = "<group>"; };
		4B1AA4D42C13D20100AA4867 /* APICalls.swift */ = {isa = PBXFileReference; lastKnownFileType = sourcecode.swift; path = APICalls.swift; sourceTree = "<group>"; };
		4B1AA4D72C13D42900AA4867 /* Meal.swift */ = {isa = PBXFileReference; lastKnownFileType = sourcecode.swift; path = Meal.swift; sourceTree = "<group>"; };
		4B1AA4DA2C13D4E200AA4867 /* MealViewModel.swift */ = {isa = PBXFileReference; lastKnownFileType = sourcecode.swift; path = MealViewModel.swift; sourceTree = "<group>"; };
		4B1AA4E72C177F9F00AA4867 /* MealDetailView.swift */ = {isa = PBXFileReference; lastKnownFileType = sourcecode.swift; path = MealDetailView.swift; sourceTree = "<group>"; };
		4BAA174B2C18AFE8008658EA /* MealDetails.swift */ = {isa = PBXFileReference; lastKnownFileType = sourcecode.swift; path = MealDetails.swift; sourceTree = "<group>"; };
		4BAA174D2C18B236008658EA /* MealDetailsViewModel.swift */ = {isa = PBXFileReference; lastKnownFileType = sourcecode.swift; path = MealDetailsViewModel.swift; sourceTree = "<group>"; };
		4BAA174F2C18D6AC008658EA /* MealsHomeView.swift */ = {isa = PBXFileReference; lastKnownFileType = sourcecode.swift; path = MealsHomeView.swift; sourceTree = "<group>"; };
/* End PBXFileReference section */

/* Begin PBXFrameworksBuildPhase section */
		4B1AA4C02C13D07B00AA4867 /* Frameworks */ = {
			isa = PBXFrameworksBuildPhase;
			buildActionMask = 2147483647;
			files = (
			);
			runOnlyForDeploymentPostprocessing = 0;
		};
/* End PBXFrameworksBuildPhase section */

/* Begin PBXGroup section */
		4B1AA4BA2C13D07B00AA4867 = {
			isa = PBXGroup;
			children = (
				4B1AA4C52C13D07B00AA4867 /* fetchcodingchallenge */,
				4B1AA4C42C13D07B00AA4867 /* Products */,
			);
			sourceTree = "<group>";
		};
		4B1AA4C42C13D07B00AA4867 /* Products */ = {
			isa = PBXGroup;
			children = (
				4B1AA4C32C13D07B00AA4867 /* fetchcodingchallenge.app */,
			);
			name = Products;
			sourceTree = "<group>";
		};
		4B1AA4C52C13D07B00AA4867 /* fetchcodingchallenge */ = {
			isa = PBXGroup;
			children = (
				4BAA17512C18E2F5008658EA /* Services */,
				4B1AA4DC2C13D97600AA4867 /* Views */,
				4B1AA4D92C13D4A600AA4867 /* ViewModels */,
				4B1AA4D62C13D40A00AA4867 /* Models */,
				4B1AA4C62C13D07B00AA4867 /* fetchcodingchallengeApp.swift */,
				4B1AA4CA2C13D07C00AA4867 /* Assets.xcassets */,
				4B1AA4CC2C13D07C00AA4867 /* Preview Content */,
			);
			path = fetchcodingchallenge;
			sourceTree = "<group>";
		};
		4B1AA4CC2C13D07C00AA4867 /* Preview Content */ = {
			isa = PBXGroup;
			children = (
				4B1AA4CD2C13D07C00AA4867 /* Preview Assets.xcassets */,
			);
			path = "Preview Content";
			sourceTree = "<group>";
		};
		4B1AA4D62C13D40A00AA4867 /* Models */ = {
			isa = PBXGroup;
			children = (
				4B1AA4D72C13D42900AA4867 /* Meal.swift */,
				4BAA174B2C18AFE8008658EA /* MealDetails.swift */,
			);
			path = Models;
			sourceTree = "<group>";
		};
		4B1AA4D92C13D4A600AA4867 /* ViewModels */ = {
			isa = PBXGroup;
			children = (
				4B1AA4DA2C13D4E200AA4867 /* MealViewModel.swift */,
				4BAA174D2C18B236008658EA /* MealDetailsViewModel.swift */,
			);
			path = ViewModels;
			sourceTree = "<group>";
		};
		4B1AA4DC2C13D97600AA4867 /* Views */ = {
			isa = PBXGroup;
			children = (
				4B1AA4E72C177F9F00AA4867 /* MealDetailView.swift */,
				4BAA174F2C18D6AC008658EA /* MealsHomeView.swift */,
			);
			path = Views;
			sourceTree = "<group>";
		};
		4BAA17512C18E2F5008658EA /* Services */ = {
			isa = PBXGroup;
			children = (
				4B1AA4D42C13D20100AA4867 /* APICalls.swift */,
			);
			path = Services;
			sourceTree = "<group>";
		};
/* End PBXGroup section */

/* Begin PBXNativeTarget section */
		4B1AA4C22C13D07B00AA4867 /* fetchcodingchallenge */ = {
			isa = PBXNativeTarget;
			buildConfigurationList = 4B1AA4D12C13D07C00AA4867 /* Build configuration list for PBXNativeTarget "fetchcodingchallenge" */;
			buildPhases = (
				4B1AA4BF2C13D07B00AA4867 /* Sources */,
				4B1AA4C02C13D07B00AA4867 /* Frameworks */,
				4B1AA4C12C13D07B00AA4867 /* Resources */,
			);
			buildRules = (
			);
			dependencies = (
			);
			name = fetchcodingchallenge;
			productName = fetchcodingchallenge;
			productReference = 4B1AA4C32C13D07B00AA4867 /* fetchcodingchallenge.app */;
			productType = "com.apple.product-type.application";
		};
/* End PBXNativeTarget section */

/* Begin PBXProject section */
		4B1AA4BB2C13D07B00AA4867 /* Project object */ = {
			isa = PBXProject;
			attributes = {
				BuildIndependentTargetsInParallel = 1;
				LastSwiftUpdateCheck = 1500;
				LastUpgradeCheck = 1500;
				TargetAttributes = {
					4B1AA4C22C13D07B00AA4867 = {
						CreatedOnToolsVersion = 15.0.1;
					};
				};
			};
			buildConfigurationList = 4B1AA4BE2C13D07B00AA4867 /* Build configuration list for PBXProject "fetchcodingchallenge" */;
			compatibilityVersion = "Xcode 14.0";
			developmentRegion = en;
			hasScannedForEncodings = 0;
			knownRegions = (
				en,
				Base,
			);
			mainGroup = 4B1AA4BA2C13D07B00AA4867;
			productRefGroup = 4B1AA4C42C13D07B00AA4867 /* Products */;
			projectDirPath = "";
			projectRoot = "";
			targets = (
				4B1AA4C22C13D07B00AA4867 /* fetchcodingchallenge */,
			);
		};
/* End PBXProject section */

/* Begin PBXResourcesBuildPhase section */
		4B1AA4C12C13D07B00AA4867 /* Resources */ = {
			isa = PBXResourcesBuildPhase;
			buildActionMask = 2147483647;
			files = (
				4B1AA4CE2C13D07C00AA4867 /* Preview Assets.xcassets in Resources */,
				4B1AA4CB2C13D07C00AA4867 /* Assets.xcassets in Resources */,
			);
			runOnlyForDeploymentPostprocessing = 0;
		};
/* End PBXResourcesBuildPhase section */

/* Begin PBXSourcesBuildPhase section */
		4B1AA4BF2C13D07B00AA4867 /* Sources */ = {
			isa = PBXSourcesBuildPhase;
			buildActionMask = 2147483647;
			files = (
				4B1AA4D82C13D42900AA4867 /* Meal.swift in Sources */,
				4BAA174C2C18AFE8008658EA /* MealDetails.swift in Sources */,
				4BAA17502C18D6AC008658EA /* MealsHomeView.swift in Sources */,
				4B1AA4DB2C13D4E200AA4867 /* MealViewModel.swift in Sources */,
				4B1AA4C72C13D07B00AA4867 /* fetchcodingchallengeApp.swift in Sources */,
				4B1AA4E82C177F9F00AA4867 /* MealDetailView.swift in Sources */,
				4BAA174E2C18B236008658EA /* MealDetailsViewModel.swift in Sources */,
				4B1AA4D52C13D20100AA4867 /* APICalls.swift in Sources */,
			);
			runOnlyForDeploymentPostprocessing = 0;
		};
/* End PBXSourcesBuildPhase section */

/* Begin XCBuildConfiguration section */
		4B1AA4CF2C13D07C00AA4867 /* Debug */ = {
			isa = XCBuildConfiguration;
			buildSettings = {
				ALWAYS_SEARCH_USER_PATHS = NO;
				ASSETCATALOG_COMPILER_GENERATE_SWIFT_ASSET_SYMBOL_EXTENSIONS = YES;
				CLANG_ANALYZER_NONNULL = YES;
				CLANG_ANALYZER_NUMBER_OBJECT_CONVERSION = YES_AGGRESSIVE;
				CLANG_CXX_LANGUAGE_STANDARD = "gnu++20";
				CLANG_ENABLE_MODULES = YES;
				CLANG_ENABLE_OBJC_ARC = YES;
				CLANG_ENABLE_OBJC_WEAK = YES;
				CLANG_WARN_BLOCK_CAPTURE_AUTORELEASING = YES;
				CLANG_WARN_BOOL_CONVERSION = YES;
				CLANG_WARN_COMMA = YES;
				CLANG_WARN_CONSTANT_CONVERSION = YES;
				CLANG_WARN_DEPRECATED_OBJC_IMPLEMENTATIONS = YES;
				CLANG_WARN_DIRECT_OBJC_ISA_USAGE = YES_ERROR;
				CLANG_WARN_DOCUMENTATION_COMMENTS = YES;
				CLANG_WARN_EMPTY_BODY = YES;
				CLANG_WARN_ENUM_CONVERSION = YES;
				CLANG_WARN_INFINITE_RECURSION = YES;
				CLANG_WARN_INT_CONVERSION = YES;
				CLANG_WARN_NON_LITERAL_NULL_CONVERSION = YES;
				CLANG_WARN_OBJC_IMPLICIT_RETAIN_SELF = YES;
				CLANG_WARN_OBJC_LITERAL_CONVERSION = YES;
				CLANG_WARN_OBJC_ROOT_CLASS = YES_ERROR;
				CLANG_WARN_QUOTED_INCLUDE_IN_FRAMEWORK_HEADER = YES;
				CLANG_WARN_RANGE_LOOP_ANALYSIS = YES;
				CLANG_WARN_STRICT_PROTOTYPES = YES;
				CLANG_WARN_SUSPICIOUS_MOVE = YES;
				CLANG_WARN_UNGUARDED_AVAILABILITY = YES_AGGRESSIVE;
				CLANG_WARN_UNREACHABLE_CODE = YES;
				CLANG_WARN__DUPLICATE_METHOD_MATCH = YES;
				COPY_PHASE_STRIP = NO;
				DEBUG_INFORMATION_FORMAT = dwarf;
				ENABLE_STRICT_OBJC_MSGSEND = YES;
				ENABLE_TESTABILITY = YES;
				ENABLE_USER_SCRIPT_SANDBOXING = YES;
				GCC_C_LANGUAGE_STANDARD = gnu17;
				GCC_DYNAMIC_NO_PIC = NO;
				GCC_NO_COMMON_BLOCKS = YES;
				GCC_OPTIMIZATION_LEVEL = 0;
				GCC_PREPROCESSOR_DEFINITIONS = (
					"DEBUG=1",
					"$(inherited)",
				);
				GCC_WARN_64_TO_32_BIT_CONVERSION = YES;
				GCC_WARN_ABOUT_RETURN_TYPE = YES_ERROR;
				GCC_WARN_UNDECLARED_SELECTOR = YES;
				GCC_WARN_UNINITIALIZED_AUTOS = YES_AGGRESSIVE;
				GCC_WARN_UNUSED_FUNCTION = YES;
				GCC_WARN_UNUSED_VARIABLE = YES;
				IPHONEOS_DEPLOYMENT_TARGET = 17.0;
				LOCALIZATION_PREFERS_STRING_CATALOGS = YES;
				MTL_ENABLE_DEBUG_INFO = INCLUDE_SOURCE;
				MTL_FAST_MATH = YES;
				ONLY_ACTIVE_ARCH = YES;
				SDKROOT = iphoneos;
				SWIFT_ACTIVE_COMPILATION_CONDITIONS = "DEBUG $(inherited)";
				SWIFT_OPTIMIZATION_LEVEL = "-Onone";
			};
			name = Debug;
		};
		4B1AA4D02C13D07C00AA4867 /* Release */ = {
			isa = XCBuildConfiguration;
			buildSettings = {
				ALWAYS_SEARCH_USER_PATHS = NO;
				ASSETCATALOG_COMPILER_GENERATE_SWIFT_ASSET_SYMBOL_EXTENSIONS = YES;
				CLANG_ANALYZER_NONNULL = YES;
				CLANG_ANALYZER_NUMBER_OBJECT_CONVERSION = YES_AGGRESSIVE;
				CLANG_CXX_LANGUAGE_STANDARD = "gnu++20";
				CLANG_ENABLE_MODULES = YES;
				CLANG_ENABLE_OBJC_ARC = YES;
				CLANG_ENABLE_OBJC_WEAK = YES;
				CLANG_WARN_BLOCK_CAPTURE_AUTORELEASING = YES;
				CLANG_WARN_BOOL_CONVERSION = YES;
				CLANG_WARN_COMMA = YES;
				CLANG_WARN_CONSTANT_CONVERSION = YES;
				CLANG_WARN_DEPRECATED_OBJC_IMPLEMENTATIONS = YES;
				CLANG_WARN_DIRECT_OBJC_ISA_USAGE = YES_ERROR;
				CLANG_WARN_DOCUMENTATION_COMMENTS = YES;
				CLANG_WARN_EMPTY_BODY = YES;
				CLANG_WARN_ENUM_CONVERSION = YES;
				CLANG_WARN_INFINITE_RECURSION = YES;
				CLANG_WARN_INT_CONVERSION = YES;
				CLANG_WARN_NON_LITERAL_NULL_CONVERSION = YES;
				CLANG_WARN_OBJC_IMPLICIT_RETAIN_SELF = YES;
				CLANG_WARN_OBJC_LITERAL_CONVERSION = YES;
				CLANG_WARN_OBJC_ROOT_CLASS = YES_ERROR;
				CLANG_WARN_QUOTED_INCLUDE_IN_FRAMEWORK_HEADER = YES;
				CLANG_WARN_RANGE_LOOP_ANALYSIS = YES;
				CLANG_WARN_STRICT_PROTOTYPES = YES;
				CLANG_WARN_SUSPICIOUS_MOVE = YES;
				CLANG_WARN_UNGUARDED_AVAILABILITY = YES_AGGRESSIVE;
				CLANG_WARN_UNREACHABLE_CODE = YES;
				CLANG_WARN__DUPLICATE_METHOD_MATCH = YES;
				COPY_PHASE_STRIP = NO;
				DEBUG_INFORMATION_FORMAT = "dwarf-with-dsym";
				ENABLE_NS_ASSERTIONS = NO;
				ENABLE_STRICT_OBJC_MSGSEND = YES;
				ENABLE_USER_SCRIPT_SANDBOXING = YES;
				GCC_C_LANGUAGE_STANDARD = gnu17;
				GCC_NO_COMMON_BLOCKS = YES;
				GCC_WARN_64_TO_32_BIT_CONVERSION = YES;
				GCC_WARN_ABOUT_RETURN_TYPE = YES_ERROR;
				GCC_WARN_UNDECLARED_SELECTOR = YES;
				GCC_WARN_UNINITIALIZED_AUTOS = YES_AGGRESSIVE;
				GCC_WARN_UNUSED_FUNCTION = YES;
				GCC_WARN_UNUSED_VARIABLE = YES;
				IPHONEOS_DEPLOYMENT_TARGET = 17.0;
				LOCALIZATION_PREFERS_STRING_CATALOGS = YES;
				MTL_ENABLE_DEBUG_INFO = NO;
				MTL_FAST_MATH = YES;
				SDKROOT = iphoneos;
				SWIFT_COMPILATION_MODE = wholemodule;
				VALIDATE_PRODUCT = YES;
			};
			name = Release;
		};
		4B1AA4D22C13D07C00AA4867 /* Debug */ = {
			isa = XCBuildConfiguration;
			buildSettings = {
				ASSETCATALOG_COMPILER_APPICON_NAME = AppIcon;
				ASSETCATALOG_COMPILER_GLOBAL_ACCENT_COLOR_NAME = AccentColor;
				CODE_SIGN_STYLE = Automatic;
				CURRENT_PROJECT_VERSION = 1;
				DEVELOPMENT_ASSET_PATHS = "\"fetchcodingchallenge/Preview Content\"";
				DEVELOPMENT_TEAM = SL3Y5Y4G9N;
				ENABLE_PREVIEWS = YES;
				GENERATE_INFOPLIST_FILE = YES;
				INFOPLIST_KEY_CFBundleDisplayName = "Meals Recipe Challenge";
				INFOPLIST_KEY_LSApplicationCategoryType = "public.app-category.food-and-drink";
				INFOPLIST_KEY_UIApplicationSceneManifest_Generation = YES;
				INFOPLIST_KEY_UIApplicationSupportsIndirectInputEvents = YES;
				INFOPLIST_KEY_UILaunchScreen_Generation = YES;
				INFOPLIST_KEY_UISupportedInterfaceOrientations_iPad = "UIInterfaceOrientationPortrait UIInterfaceOrientationPortraitUpsideDown UIInterfaceOrientationLandscapeLeft UIInterfaceOrientationLandscapeRight";
				INFOPLIST_KEY_UISupportedInterfaceOrientations_iPhone = "UIInterfaceOrientationPortrait UIInterfaceOrientationLandscapeLeft UIInterfaceOrientationLandscapeRight";
				LD_RUNPATH_SEARCH_PATHS = (
					"$(inherited)",
					"@executable_path/Frameworks",
				);
				MARKETING_VERSION = 1.0;
				PRODUCT_BUNDLE_IDENTIFIER = com.tachyon.techlabs.fetchcodingchallenge;
				PRODUCT_NAME = "$(TARGET_NAME)";
				SWIFT_EMIT_LOC_STRINGS = YES;
				SWIFT_VERSION = 5.0;
				TARGETED_DEVICE_FAMILY = "1,2";
			};
			name = Debug;
		};
		4B1AA4D32C13D07C00AA4867 /* Release */ = {
			isa = XCBuildConfiguration;
			buildSettings = {
				ASSETCATALOG_COMPILER_APPICON_NAME = AppIcon;
				ASSETCATALOG_COMPILER_GLOBAL_ACCENT_COLOR_NAME = AccentColor;
				CODE_SIGN_STYLE = Automatic;
				CURRENT_PROJECT_VERSION = 1;
				DEVELOPMENT_ASSET_PATHS = "\"fetchcodingchallenge/Preview Content\"";
				DEVELOPMENT_TEAM = SL3Y5Y4G9N;
				ENABLE_PREVIEWS = YES;
				GENERATE_INFOPLIST_FILE = YES;
				INFOPLIST_KEY_CFBundleDisplayName = "Meals Recipe Challenge";
				INFOPLIST_KEY_LSApplicationCategoryType = "public.app-category.food-and-drink";
				INFOPLIST_KEY_UIApplicationSceneManifest_Generation = YES;
				INFOPLIST_KEY_UIApplicationSupportsIndirectInputEvents = YES;
				INFOPLIST_KEY_UILaunchScreen_Generation = YES;
				INFOPLIST_KEY_UISupportedInterfaceOrientations_iPad = "UIInterfaceOrientationPortrait UIInterfaceOrientationPortraitUpsideDown UIInterfaceOrientationLandscapeLeft UIInterfaceOrientationLandscapeRight";
				INFOPLIST_KEY_UISupportedInterfaceOrientations_iPhone = "UIInterfaceOrientationPortrait UIInterfaceOrientationLandscapeLeft UIInterfaceOrientationLandscapeRight";
				LD_RUNPATH_SEARCH_PATHS = (
					"$(inherited)",
					"@executable_path/Frameworks",
				);
				MARKETING_VERSION = 1.0;
				PRODUCT_BUNDLE_IDENTIFIER = com.tachyon.techlabs.fetchcodingchallenge;
				PRODUCT_NAME = "$(TARGET_NAME)";
				SWIFT_EMIT_LOC_STRINGS = YES;
				SWIFT_VERSION = 5.0;
				TARGETED_DEVICE_FAMILY = "1,2";
			};
			name = Release;
		};
/* End XCBuildConfiguration section */

/* Begin XCConfigurationList section */
		4B1AA4BE2C13D07B00AA4867 /* Build configuration list for PBXProject "fetchcodingchallenge" */ = {
			isa = XCConfigurationList;
			buildConfigurations = (
				4B1AA4CF2C13D07C00AA4867 /* Debug */,
				4B1AA4D02C13D07C00AA4867 /* Release */,
			);
			defaultConfigurationIsVisible = 0;
			defaultConfigurationName = Release;
		};
		4B1AA4D12C13D07C00AA4867 /* Build configuration list for PBXNativeTarget "fetchcodingchallenge" */ = {
			isa = XCConfigurationList;
			buildConfigurations = (
				4B1AA4D22C13D07C00AA4867 /* Debug */,
				4B1AA4D32C13D07C00AA4867 /* Release */,
			);
			defaultConfigurationIsVisible = 0;
			defaultConfigurationName = Release;
		};
/* End XCConfigurationList section */
	};
	rootObject = 4B1AA4BB2C13D07B00AA4867 /* Project object */;
}
